
Microsoft Visual Studio Solution File, Format Version 12.00
# Visual Studio Version 17
VisualStudioVersion = 17.3.32929.385
MinimumVisualStudioVersion = 10.0.40219.1
Project("{9A19103F-16F7-4668-BE54-9A1E7A4F7556}") = "SunsetsIO", "SunsetsIO\SunsetsIO.csproj", "{B508B902-10B7-4B67-A80E-C38C67DF18FD}"
EndProject
Project("{FAE04EC0-301F-11D3-BF4B-00C04F79EFBC}") = "SunsetsIO.UnitTests", "SunsetsIO.UnitTests\SunsetsIO.UnitTests.csproj", "{A9B777F0-5BD3-4A72-A94E-5DFD93465956}"
EndProject
Global
	GlobalSection(SolutionConfigurationPlatforms) = preSolution
		Debug|Any CPU = Debug|Any CPU
		Release|Any CPU = Release|Any CPU
	EndGlobalSection
	GlobalSection(ProjectConfigurationPlatforms) = postSolution
		{B508B902-10B7-4B67-A80E-C38C67DF18FD}.Debug|Any CPU.ActiveCfg = Debug|Any CPU
		{B508B902-10B7-4B67-A80E-C38C67DF18FD}.Debug|Any CPU.Build.0 = Debug|Any CPU
		{B508B902-10B7-4B67-A80E-C38C67DF18FD}.Release|Any CPU.ActiveCfg = Release|Any CPU
		{B508B902-10B7-4B67-A80E-C38C67DF18FD}.Release|Any CPU.Build.0 = Release|Any CPU
		{A9B777F0-5BD3-4A72-A94E-5DFD93465956}.Debug|Any CPU.ActiveCfg = Debug|Any CPU
		{A9B777F0-5BD3-4A72-A94E-5DFD93465956}.Debug|Any CPU.Build.0 = Debug|Any CPU
		{A9B777F0-5BD3-4A72-A94E-5DFD93465956}.Release|Any CPU.ActiveCfg = Release|Any CPU
		{A9B777F0-5BD3-4A72-A94E-5DFD93465956}.Release|Any CPU.Build.0 = Release|Any CPU
	EndGlobalSection
	GlobalSection(SolutionProperties) = preSolution
		HideSolutionNode = FALSE
	EndGlobalSection
	GlobalSection(ExtensibilityGlobals) = postSolution
		SolutionGuid = {2DCCBCA2-2774-4970-8308-BB9492122F3E}
	EndGlobalSection
EndGlobal
